{
  "name": "@thesonofthomp/recipe-parser",
  "version": "0.0.7",
  "lockfileVersion": 1,
  "requires": true,
  "dependencies": {
    "@babel/runtime": {
      "version": "7.11.2",
      "resolved": "https://registry.npmjs.org/@babel/runtime/-/runtime-7.11.2.tgz",
      "integrity": "sha512-TeWkU52so0mPtDcaCTxNBI/IHiz0pZgr8VEFqXFtZWpYD08ZB6FaSwVAS8MKRQAP3bYKiVjwysOJgMFY28o6Tw==",
      "dev": true,
      "requires": {
        "regenerator-runtime": "^0.13.4"
      }
    },
    "@types/lodash": {
      "version": "4.14.159",
      "resolved": "https://registry.npmjs.org/@types/lodash/-/lodash-4.14.159.tgz",
      "integrity": "sha512-gF7A72f7WQN33DpqOWw9geApQPh4M3PxluMtaHxWHXEGSN12/WbcEk/eNSqWNQcQhF66VSZ06vCF94CrHwXJDg==",
      "dev": true
    },
    "@types/node": {
      "version": "14.0.27",
      "resolved": "https://registry.npmjs.org/@types/node/-/node-14.0.27.tgz",
      "integrity": "sha512-kVrqXhbclHNHGu9ztnAwSncIgJv/FaxmzXJvGXNdcCpV1b8u1/Mi6z6m0vwy0LzKeXFTPLH0NzwmoJ3fNCIq0g==",
      "dev": true
    },
    "@types/prop-types": {
      "version": "15.7.3",
      "resolved": "https://registry.npmjs.org/@types/prop-types/-/prop-types-15.7.3.tgz",
      "integrity": "sha512-KfRL3PuHmqQLOG+2tGpRO26Ctg+Cq1E01D2DMriKEATHgWLfeNDmq9e29Q9WIky0dQ3NPkd1mzYH8Lm936Z9qw==",
      "dev": true
    },
    "@types/react": {
      "version": "16.9.46",
      "resolved": "https://registry.npmjs.org/@types/react/-/react-16.9.46.tgz",
      "integrity": "sha512-dbHzO3aAq1lB3jRQuNpuZ/mnu+CdD3H0WVaaBQA8LTT3S33xhVBUj232T8M3tAhSWJs/D/UqORYUlJNl/8VQZg==",
      "dev": true,
      "requires": {
        "@types/prop-types": "*",
        "csstype": "^3.0.2"
      }
    },
    "css-vendor": {
      "version": "2.0.8",
      "resolved": "https://registry.npmjs.org/css-vendor/-/css-vendor-2.0.8.tgz",
      "integrity": "sha512-x9Aq0XTInxrkuFeHKbYC7zWY8ai7qJ04Kxd9MnvbC1uO5DagxoHQjm4JvG+vCdXOoFtCjbL2XSZfxmoYa9uQVQ==",
      "dev": true,
      "requires": {
        "@babel/runtime": "^7.8.3",
        "is-in-browser": "^1.0.2"
      }
    },
    "csstype": {
      "version": "3.0.2",
      "resolved": "https://registry.npmjs.org/csstype/-/csstype-3.0.2.tgz",
      "integrity": "sha512-ofovWglpqoqbfLNOTBNZLSbMuGrblAf1efvvArGKOZMBrIoJeu5UsAipQolkijtyQx5MtAzT/J9IHj/CEY1mJw==",
      "dev": true
    },
    "hyphenate-style-name": {
      "version": "1.0.4",
      "resolved": "https://registry.npmjs.org/hyphenate-style-name/-/hyphenate-style-name-1.0.4.tgz",
      "integrity": "sha512-ygGZLjmXfPHj+ZWh6LwbC37l43MhfztxetbFCoYTM2VjkIUpeHgSNn7QIyVFj7YQ1Wl9Cbw5sholVJPzWvC2MQ==",
      "dev": true
    },
    "is-in-browser": {
      "version": "1.1.3",
      "resolved": "https://registry.npmjs.org/is-in-browser/-/is-in-browser-1.1.3.tgz",
      "integrity": "sha1-Vv9NtoOgeMYILrldrX3GLh0E+DU=",
      "dev": true
    },
    "js-tokens": {
      "version": "4.0.0",
      "resolved": "https://registry.npmjs.org/js-tokens/-/js-tokens-4.0.0.tgz",
      "integrity": "sha512-RdJUflcE3cUzKiMqQgsCu06FPu9UdIJO0beYbPhHN4k6apgJtifcoCtT9bcxOpYBtpD2kCM6Sbzg4CausW/PKQ==",
      "dev": true
    },
    "jss": {
      "version": "10.3.0",
      "resolved": "https://registry.npmjs.org/jss/-/jss-10.3.0.tgz",
      "integrity": "sha512-B5sTRW9B6uHaUVzSo9YiMEOEp3UX8lWevU0Fsv+xtRnsShmgCfIYX44bTH8bPJe6LQKqEXku3ulKuHLbxBS97Q==",
      "dev": true,
      "requires": {
        "@babel/runtime": "^7.3.1",
        "csstype": "^2.6.5",
        "is-in-browser": "^1.1.3",
        "tiny-warning": "^1.0.2"
      },
      "dependencies": {
        "csstype": {
          "version": "2.6.13",
          "resolved": "https://registry.npmjs.org/csstype/-/csstype-2.6.13.tgz",
          "integrity": "sha512-ul26pfSQTZW8dcOnD2iiJssfXw0gdNVX9IJDH/X3K5DGPfj+fUYe3kB+swUY6BF3oZDxaID3AJt+9/ojSAE05A==",
          "dev": true
        }
      }
    },
    "jss-plugin-camel-case": {
      "version": "10.3.0",
      "resolved": "https://registry.npmjs.org/jss-plugin-camel-case/-/jss-plugin-camel-case-10.3.0.tgz",
      "integrity": "sha512-tadWRi/SLWqLK3EUZEdDNJL71F3ST93Zrl9JYMjV0QDqKPAl0Liue81q7m/nFUpnSTXczbKDy4wq8rI8o7WFqA==",
      "dev": true,
      "requires": {
        "@babel/runtime": "^7.3.1",
        "hyphenate-style-name": "^1.0.3",
        "jss": "^10.3.0"
      }
    },
    "jss-plugin-compose": {
      "version": "10.3.0",
      "resolved": "https://registry.npmjs.org/jss-plugin-compose/-/jss-plugin-compose-10.3.0.tgz",
      "integrity": "sha512-ugJYobeN9mawx7Nv5BrSLhVgU1kJsNpLEfTPKjgMRH7MlHNinrF5O9h4rVTZZvJUZ298JbpPu2zGrwvsjgFwag==",
      "dev": true,
      "requires": {
        "@babel/runtime": "^7.3.1",
        "jss": "^10.3.0",
        "tiny-warning": "^1.0.2"
      }
    },
    "jss-plugin-default-unit": {
      "version": "10.3.0",
      "resolved": "https://registry.npmjs.org/jss-plugin-default-unit/-/jss-plugin-default-unit-10.3.0.tgz",
      "integrity": "sha512-tT5KkIXAsZOSS9WDSe8m8lEHIjoEOj4Pr0WrG0WZZsMXZ1mVLFCSsD2jdWarQWDaRNyMj/I4d7czRRObhOxSuw==",
      "dev": true,
      "requires": {
        "@babel/runtime": "^7.3.1",
        "jss": "^10.3.0"
      }
    },
    "jss-plugin-expand": {
      "version": "10.3.0",
      "resolved": "https://registry.npmjs.org/jss-plugin-expand/-/jss-plugin-expand-10.3.0.tgz",
      "integrity": "sha512-zyphg4NqZjMu9bLbx0QBgziCQKIowNO5yVLIa+kLVi6sE9IMKV8p2SrBtLtLktTjM72gO4u/kKnlCz0SckQuyQ==",
      "dev": true,
      "requires": {
        "@babel/runtime": "^7.3.1",
        "jss": "^10.3.0"
      }
    },
    "jss-plugin-extend": {
      "version": "10.3.0",
      "resolved": "https://registry.npmjs.org/jss-plugin-extend/-/jss-plugin-extend-10.3.0.tgz",
      "integrity": "sha512-FTRG3RNaMYO+j/X7DOo+nBtou9A2slonaip363KvHKo2Ji9bEK9WDbytOTaYGdeX/UuwJ2C/PQd5lMs4lB0Vow==",
      "dev": true,
      "requires": {
        "@babel/runtime": "^7.3.1",
        "jss": "^10.3.0",
        "tiny-warning": "^1.0.2"
      }
    },
    "jss-plugin-global": {
      "version": "10.3.0",
      "resolved": "https://registry.npmjs.org/jss-plugin-global/-/jss-plugin-global-10.3.0.tgz",
      "integrity": "sha512-etYTG/y3qIR/vxZnKY+J3wXwObyBDNhBiB3l/EW9/pE3WHE//BZdK8LFvQcrCO48sZW1Z6paHo6klxUPP7WbzA==",
      "dev": true,
      "requires": {
        "@babel/runtime": "^7.3.1",
        "jss": "^10.3.0"
      }
    },
    "jss-plugin-nested": {
      "version": "10.3.0",
      "resolved": "https://registry.npmjs.org/jss-plugin-nested/-/jss-plugin-nested-10.3.0.tgz",
      "integrity": "sha512-qWiEkoXNEkkZ+FZrWmUGpf+zBsnEOmKXhkjNX85/ZfWhH9dfGxUCKuJFuOWFM+rjQfxV4csfesq4hY0jk8Qt0w==",
      "dev": true,
      "requires": {
        "@babel/runtime": "^7.3.1",
        "jss": "^10.3.0",
        "tiny-warning": "^1.0.2"
      }
    },
    "jss-plugin-props-sort": {
      "version": "10.3.0",
      "resolved": "https://registry.npmjs.org/jss-plugin-props-sort/-/jss-plugin-props-sort-10.3.0.tgz",
      "integrity": "sha512-boetORqL/lfd7BWeFD3K+IyPqyIC+l3CRrdZr+NPq7Noqp+xyg/0MR7QisgzpxCEulk+j2CRcEUoZsvgPC4nTg==",
      "dev": true,
      "requires": {
        "@babel/runtime": "^7.3.1",
        "jss": "^10.3.0"
      }
    },
    "jss-plugin-rule-value-function": {
      "version": "10.3.0",
      "resolved": "https://registry.npmjs.org/jss-plugin-rule-value-function/-/jss-plugin-rule-value-function-10.3.0.tgz",
      "integrity": "sha512-7WiMrKIHH3rwxTuJki9+7nY11r1UXqaUZRhHvqTD4/ZE+SVhvtD5Tx21ivNxotwUSleucA/8boX+NF21oXzr5Q==",
      "dev": true,
      "requires": {
        "@babel/runtime": "^7.3.1",
        "jss": "^10.3.0",
        "tiny-warning": "^1.0.2"
      }
    },
    "jss-plugin-rule-value-observable": {
      "version": "10.3.0",
      "resolved": "https://registry.npmjs.org/jss-plugin-rule-value-observable/-/jss-plugin-rule-value-observable-10.3.0.tgz",
      "integrity": "sha512-F0qISCiWjg2Ha24Zc143n30NaWBOTsJLTwuN05ZAuLMp81YD9eRMQbUQUFq6fJVh82xivxheatajTso2qLxFEQ==",
      "dev": true,
      "requires": {
        "@babel/runtime": "^7.3.1",
        "jss": "^10.3.0",
        "symbol-observable": "^1.2.0"
      }
    },
    "jss-plugin-template": {
      "version": "10.3.0",
      "resolved": "https://registry.npmjs.org/jss-plugin-template/-/jss-plugin-template-10.3.0.tgz",
      "integrity": "sha512-p862BehZeAZRcBZT834rCHO58TTimYaG1eFe1x3uNjKJkdfGpRF00bGN2NQ+0u5yBoeqz1gPG/YpdcDkpHvnFA==",
      "dev": true,
      "requires": {
        "@babel/runtime": "^7.3.1",
        "jss": "^10.3.0",
        "tiny-warning": "^1.0.2"
      }
    },
    "jss-plugin-vendor-prefixer": {
      "version": "10.3.0",
      "resolved": "https://registry.npmjs.org/jss-plugin-vendor-prefixer/-/jss-plugin-vendor-prefixer-10.3.0.tgz",
      "integrity": "sha512-sZQbrcZyP5V0ADjCLwUA1spVWoaZvM7XZ+2fSeieZFBj31cRsnV7X70FFDerMHeiHAXKWzYek+67nMDjhrZAVQ==",
      "dev": true,
      "requires": {
        "@babel/runtime": "^7.3.1",
        "css-vendor": "^2.0.8",
        "jss": "^10.3.0"
      }
    },
    "jss-preset-default": {
      "version": "10.3.0",
      "resolved": "https://registry.npmjs.org/jss-preset-default/-/jss-preset-default-10.3.0.tgz",
      "integrity": "sha512-LwDj4t8jBe0S/hXuR0THmhAsbngw7134efrWvJrkXLj+/+cxRQQAnsXWS6DBEZT5nrXaWH0C9HAeR2v2ZZKPWA==",
      "dev": true,
      "requires": {
        "@babel/runtime": "^7.3.1",
        "jss": "^10.3.0",
        "jss-plugin-camel-case": "^10.3.0",
        "jss-plugin-compose": "^10.3.0",
        "jss-plugin-default-unit": "^10.3.0",
        "jss-plugin-expand": "^10.3.0",
        "jss-plugin-extend": "^10.3.0",
        "jss-plugin-global": "^10.3.0",
        "jss-plugin-nested": "^10.3.0",
        "jss-plugin-props-sort": "^10.3.0",
        "jss-plugin-rule-value-function": "^10.3.0",
        "jss-plugin-rule-value-observable": "^10.3.0",
        "jss-plugin-template": "^10.3.0",
        "jss-plugin-vendor-prefixer": "^10.3.0"
      }
    },
    "loose-envify": {
      "version": "1.4.0",
      "resolved": "https://registry.npmjs.org/loose-envify/-/loose-envify-1.4.0.tgz",
      "integrity": "sha512-lyuxPGr/Wfhrlem2CL/UcnUc1zcqKAImBDzukY7Y5F/yQiNdko6+fRLevlw1HgMySw7f611UIY408EtxRSoK3Q==",
      "dev": true,
      "requires": {
        "js-tokens": "^3.0.0 || ^4.0.0"
      }
    },
    "object-assign": {
      "version": "4.1.1",
      "resolved": "https://registry.npmjs.org/object-assign/-/object-assign-4.1.1.tgz",
      "integrity": "sha1-IQmtx5ZYh8/AXLvUQsrIv7s2CGM=",
      "dev": true
    },
    "prop-types": {
      "version": "15.7.2",
      "resolved": "https://registry.npmjs.org/prop-types/-/prop-types-15.7.2.tgz",
      "integrity": "sha512-8QQikdH7//R2vurIJSutZ1smHYTcLpRWEOlHnzcWHmBYrOGUysKwSsrC89BCiFj3CbrfJ/nXFdJepOVrY1GCHQ==",
      "dev": true,
      "requires": {
        "loose-envify": "^1.4.0",
        "object-assign": "^4.1.1",
        "react-is": "^16.8.1"
      }
    },
    "react": {
      "version": "16.13.1",
      "resolved": "https://registry.npmjs.org/react/-/react-16.13.1.tgz",
      "integrity": "sha512-YMZQQq32xHLX0bz5Mnibv1/LHb3Sqzngu7xstSM+vrkE5Kzr9xE0yMByK5kMoTK30YVJE61WfbxIFFvfeDKT1w==",
      "dev": true,
      "requires": {
        "loose-envify": "^1.1.0",
        "object-assign": "^4.1.1",
        "prop-types": "^15.6.2"
      }
    },
    "react-dom": {
      "version": "16.13.1",
      "resolved": "https://registry.npmjs.org/react-dom/-/react-dom-16.13.1.tgz",
      "integrity": "sha512-81PIMmVLnCNLO/fFOQxdQkvEq/+Hfpv24XNJfpyZhTRfO0QcmQIF/PgCa1zCOj2w1hrn12MFLyaJ/G0+Mxtfag==",
      "dev": true,
      "requires": {
        "loose-envify": "^1.1.0",
        "object-assign": "^4.1.1",
        "prop-types": "^15.6.2",
        "scheduler": "^0.19.1"
      }
    },
    "react-is": {
      "version": "16.13.1",
      "resolved": "https://registry.npmjs.org/react-is/-/react-is-16.13.1.tgz",
      "integrity": "sha512-24e6ynE2H+OKt4kqsOvNd8kBpV65zoxbA4BVsEOB3ARVWQki/DHzaUoC5KuON/BiccDaCCTZBuOcfZs70kR8bQ==",
      "dev": true
    },
    "regenerator-runtime": {
      "version": "0.13.7",
      "resolved": "https://registry.npmjs.org/regenerator-runtime/-/regenerator-runtime-0.13.7.tgz",
      "integrity": "sha512-a54FxoJDIr27pgf7IgeQGxmqUNYrcV338lf/6gH456HZ/PhX+5BcwHXG9ajESmwe6WRO0tAzRUrRmNONWgkrew==",
      "dev": true
    },
    "scheduler": {
      "version": "0.19.1",
      "resolved": "https://registry.npmjs.org/scheduler/-/scheduler-0.19.1.tgz",
      "integrity": "sha512-n/zwRWRYSUj0/3g/otKDRPMh6qv2SYMWNq85IEa8iZyAv8od9zDYpGSnpBEjNgcMNq6Scbu5KfIPxNF72R/2EA==",
      "dev": true,
      "requires": {
        "loose-envify": "^1.1.0",
        "object-assign": "^4.1.1"
      }
    },
    "symbol-observable": {
      "version": "1.2.0",
      "resolved": "https://registry.npmjs.org/symbol-observable/-/symbol-observable-1.2.0.tgz",
      "integrity": "sha512-e900nM8RRtGhlV36KGEU9k65K3mPb1WV70OdjfxlG2EAuM1noi/E/BaW/uMhL7bPEssK8QV57vN3esixjUvcXQ==",
      "dev": true
    },
    "tiny-warning": {
      "version": "1.0.3",
      "resolved": "https://registry.npmjs.org/tiny-warning/-/tiny-warning-1.0.3.tgz",
      "integrity": "sha512-lBN9zLN/oAf68o3zNXYrdCt1kP8WsiGW8Oo2ka41b2IM5JL/S1CTyX1rW0mb/zSuJun0ZUrDxx4sqvYS2FWzPA==",
      "dev": true
    }
  }
}
